
Microsoft Visual Studio Solution File, Format Version 12.00
# Visual Studio Version 17
VisualStudioVersion = 17.0.31912.275
MinimumVisualStudioVersion = 10.0.40219.1
Project("{FAE04EC0-301F-11D3-BF4B-00C04F79EFBC}") = "Blog.Server", "Blog\Server\Blog.Server.csproj", "{DD79E6ED-1508-4DBC-B100-0701695B22A4}"
EndProject
Project("{FAE04EC0-301F-11D3-BF4B-00C04F79EFBC}") = "Blog.Client", "Blog\Client\Blog.Client.csproj", "{20A89195-04F0-4922-A249-57B08898796E}"
EndProject
Project("{FAE04EC0-301F-11D3-BF4B-00C04F79EFBC}") = "Blog.Shared", "Blog\Shared\Blog.Shared.csproj", "{7D706071-E038-4C4A-A9A3-C00B325A444E}"
EndProject
Global
	GlobalSection(SolutionConfigurationPlatforms) = preSolution
		Debug|Any CPU = Debug|Any CPU
		Release|Any CPU = Release|Any CPU
	EndGlobalSection
	GlobalSection(ProjectConfigurationPlatforms) = postSolution
		{DD79E6ED-1508-4DBC-B100-0701695B22A4}.Debug|Any CPU.ActiveCfg = Debug|Any CPU
		{DD79E6ED-1508-4DBC-B100-0701695B22A4}.Debug|Any CPU.Build.0 = Debug|Any CPU
		{DD79E6ED-1508-4DBC-B100-0701695B22A4}.Release|Any CPU.ActiveCfg = Release|Any CPU
		{DD79E6ED-1508-4DBC-B100-0701695B22A4}.Release|Any CPU.Build.0 = Release|Any CPU
		{20A89195-04F0-4922-A249-57B08898796E}.Debug|Any CPU.ActiveCfg = Debug|Any CPU
		{20A89195-04F0-4922-A249-57B08898796E}.Debug|Any CPU.Build.0 = Debug|Any CPU
		{20A89195-04F0-4922-A249-57B08898796E}.Release|Any CPU.ActiveCfg = Release|Any CPU
		{20A89195-04F0-4922-A249-57B08898796E}.Release|Any CPU.Build.0 = Release|Any CPU
		{7D706071-E038-4C4A-A9A3-C00B325A444E}.Debug|Any CPU.ActiveCfg = Debug|Any CPU
		{7D706071-E038-4C4A-A9A3-C00B325A444E}.Debug|Any CPU.Build.0 = Debug|Any CPU
		{7D706071-E038-4C4A-A9A3-C00B325A444E}.Release|Any CPU.ActiveCfg = Release|Any CPU
		{7D706071-E038-4C4A-A9A3-C00B325A444E}.Release|Any CPU.Build.0 = Release|Any CPU
	EndGlobalSection
	GlobalSection(SolutionProperties) = preSolution
		HideSolutionNode = FALSE
	EndGlobalSection
	GlobalSection(ExtensibilityGlobals) = postSolution
		SolutionGuid = {65F945A6-C719-4319-A763-81CC61EA81D3}
	EndGlobalSection
EndGlobal
